
Microsoft Visual Studio Solution File, Format Version 12.00
# Visual Studio Version 16
VisualStudioVersion = 16.0.34114.132
MinimumVisualStudioVersion = 10.0.40219.1
Project("{FAE04EC0-301F-11D3-BF4B-00C04F79EFBC}") = "QuanLiNhaHang", "QuanLiNhaHang\QuanLiNhaHang.csproj", "{AA5230A4-EECE-4DD8-853C-152EA94FD022}"
EndProject
Global
	GlobalSection(SolutionConfigurationPlatforms) = preSolution
		Debug|Any CPU = Debug|Any CPU
		Release|Any CPU = Release|Any CPU
	EndGlobalSection
	GlobalSection(ProjectConfigurationPlatforms) = postSolution
		{AA5230A4-EECE-4DD8-853C-152EA94FD022}.Debug|Any CPU.ActiveCfg = Debug|Any CPU
		{AA5230A4-EECE-4DD8-853C-152EA94FD022}.Debug|Any CPU.Build.0 = Debug|Any CPU
		{AA5230A4-EECE-4DD8-853C-152EA94FD022}.Release|Any CPU.ActiveCfg = Release|Any CPU
		{AA5230A4-EECE-4DD8-853C-152EA94FD022}.Release|Any CPU.Build.0 = Release|Any CPU
	EndGlobalSection
	GlobalSection(SolutionProperties) = preSolution
		HideSolutionNode = FALSE
	EndGlobalSection
	GlobalSection(ExtensibilityGlobals) = postSolution
		SolutionGuid = {54F24D72-678E-4750-9314-3D4C9D64D61E}
	EndGlobalSection
EndGlobal
